schema: '2.0'
stages:
  train:
    cmd: python src/model.py
    deps:
    - path: params.yaml
      hash: md5
      md5: 9d84324d340384ef51a0156d90a1b125
      size: 1570
    - path: src/model.py
      hash: md5
      md5: 35d33d1561a21bcb6ff8c73f603d488b
      size: 11776
    - path: test/test.csv
      hash: md5
      md5: a3dc7d3471ad115369678efab4513c3e
      size: 3194261
    - path: train/train.csv
      hash: md5
      md5: 3b57b9f5453db738f68443269a554b01
      size: 3220873
    outs:
    - path: artifacts/X_test_cnn.npy
      hash: md5
      md5: 151e2d003ede4a98f95eedb4401d252c
      size: 3677984
    - path: artifacts/feature_columns.json
      hash: md5
      md5: 4871218da2ed1e291adf8948e59308b9
      size: 4268
    - path: artifacts/training_history.json
      hash: md5
      md5: a42b12194817a4116169bfc0da3bcd97
      size: 1805
    - path: artifacts/y_test.npy
      hash: md5
      md5: 8244ab2057d810c6c1e6b5e37e26f884
      size: 10232
    - path: models/model.keras
      hash: md5
      md5: 0beab032d4f98e0c6a2ed0ae7e7fa02c
      size: 9999737
  evaluate:
    cmd: python src/evaluate.py
    deps:
    - path: artifacts/X_test_cnn.npy
      hash: md5
      md5: 151e2d003ede4a98f95eedb4401d252c
      size: 3677984
    - path: artifacts/feature_columns.json
      hash: md5
      md5: 4871218da2ed1e291adf8948e59308b9
      size: 4268
    - path: artifacts/training_history.json
      hash: md5
      md5: a42b12194817a4116169bfc0da3bcd97
      size: 1805
    - path: artifacts/y_test.npy
      hash: md5
      md5: 8244ab2057d810c6c1e6b5e37e26f884
      size: 10232
    - path: models/model.keras
      hash: md5
      md5: 0beab032d4f98e0c6a2ed0ae7e7fa02c
      size: 9999737
    - path: params.yaml
      hash: md5
      md5: 9d84324d340384ef51a0156d90a1b125
      size: 1570
    - path: src/evaluate.py
      hash: md5
      md5: 7fd8110d3013b81a1a40bc67cedfc636
      size: 8822
    - path: test/test.csv
      hash: md5
      md5: a3dc7d3471ad115369678efab4513c3e
      size: 3194261
    outs:
    - path: metrics.json
      hash: md5
      md5: 0327d1ca4faf3458804561fb05325215
      size: 598
